
Microsoft Visual Studio Solution File, Format Version 12.00
# Visual Studio Version 16
VisualStudioVersion = 16.0.31410.357
MinimumVisualStudioVersion = 10.0.40219.1
Project("{FAE04EC0-301F-11D3-BF4B-00C04F79EFBC}") = "ConsoleApp26", "ConsoleApp26.csproj", "{90CB4F5C-D47F-43ED-9190-1BE49C5BA23F}"
EndProject
Global
	GlobalSection(SolutionConfigurationPlatforms) = preSolution
		Debug|Any CPU = Debug|Any CPU
		Release|Any CPU = Release|Any CPU
	EndGlobalSection
	GlobalSection(ProjectConfigurationPlatforms) = postSolution
		{90CB4F5C-D47F-43ED-9190-1BE49C5BA23F}.Debug|Any CPU.ActiveCfg = Debug|Any CPU
		{90CB4F5C-D47F-43ED-9190-1BE49C5BA23F}.Debug|Any CPU.Build.0 = Debug|Any CPU
		{90CB4F5C-D47F-43ED-9190-1BE49C5BA23F}.Release|Any CPU.ActiveCfg = Release|Any CPU
		{90CB4F5C-D47F-43ED-9190-1BE49C5BA23F}.Release|Any CPU.Build.0 = Release|Any CPU
	EndGlobalSection
	GlobalSection(SolutionProperties) = preSolution
		HideSolutionNode = FALSE
	EndGlobalSection
	GlobalSection(ExtensibilityGlobals) = postSolution
		SolutionGuid = {B30AE506-3F9E-4DE4-9FD3-0E28866A77EA}
	EndGlobalSection
EndGlobal
